{
  "name": "donnys-list-client",
  "version": "1.0.0",
  "lockfileVersion": 1,
  "requires": true,
  "dependencies": {
    "react-facebook-login": {
      "version": "4.0.1",
      "resolved": "https://registry.npmjs.org/react-facebook-login/-/react-facebook-login-4.0.1.tgz",
      "integrity": "sha512-DQlkvFE31xv+Xu9kLfqu3m4QA7dAs3T6YcYU42ibIbW7LeX/2iHNbvXaP00sGfVyK+0k3t103eC4rx+N64qIEw=="
    }
  }
}
